
Microsoft Visual Studio Solution File, Format Version 12.00
# Visual Studio 2013
VisualStudioVersion = 12.0.21005.1
MinimumVisualStudioVersion = 10.0.40219.1
Project("{FAE04EC0-301F-11D3-BF4B-00C04F79EFBC}") = "MoneyVkarmane", "MoneyVkarmane\MoneyVkarmane.csproj", "{CBF77F9E-F650-4508-8950-DE6832674FCE}"
EndProject
Project("{FAE04EC0-301F-11D3-BF4B-00C04F79EFBC}") = "ClientLibrary", "ClientLibrary\ClientLibrary.csproj", "{7E2EDF22-2719-4F70-B127-38D16A8C9198}"
EndProject
Global
	GlobalSection(SolutionConfigurationPlatforms) = preSolution
		Debug|Any CPU = Debug|Any CPU
		Release|Any CPU = Release|Any CPU
	EndGlobalSection
	GlobalSection(ProjectConfigurationPlatforms) = postSolution
		{CBF77F9E-F650-4508-8950-DE6832674FCE}.Debug|Any CPU.ActiveCfg = Debug|Any CPU
		{CBF77F9E-F650-4508-8950-DE6832674FCE}.Debug|Any CPU.Build.0 = Debug|Any CPU
		{CBF77F9E-F650-4508-8950-DE6832674FCE}.Release|Any CPU.ActiveCfg = Release|Any CPU
		{CBF77F9E-F650-4508-8950-DE6832674FCE}.Release|Any CPU.Build.0 = Release|Any CPU
		{7E2EDF22-2719-4F70-B127-38D16A8C9198}.Debug|Any CPU.ActiveCfg = Debug|Any CPU
		{7E2EDF22-2719-4F70-B127-38D16A8C9198}.Debug|Any CPU.Build.0 = Debug|Any CPU
		{7E2EDF22-2719-4F70-B127-38D16A8C9198}.Release|Any CPU.ActiveCfg = Release|Any CPU
		{7E2EDF22-2719-4F70-B127-38D16A8C9198}.Release|Any CPU.Build.0 = Release|Any CPU
	EndGlobalSection
	GlobalSection(SolutionProperties) = preSolution
		HideSolutionNode = FALSE
	EndGlobalSection
EndGlobal
